<?xml version="1.0" encoding="utf-8"?>
<Project ToolsVersion="4.0" xmlns="http://schemas.microsoft.com/developer/msbuild/2003">
  <ItemGroup>
    <Filter Include="Source Files">
      <UniqueIdentifier>{cfa2f589-5a01-49b9-8679-b0ee873949e6}</UniqueIdentifier>
      <Extensions>cpp;c;cc;cxx;def;idl;odl</Extensions>
    </Filter>
    <Filter Include="Include Files">
      <UniqueIdentifier>{14fc6556-4ea3-4648-8ba8-f52aab492017}</UniqueIdentifier>
      <Extensions>h;hh;hxx</Extensions>
    </Filter>
    <Filter Include="Resource Files">
      <UniqueIdentifier>{8ed7db86-c4d2-4e30-83cc-8003993d2dc5}</UniqueIdentifier>
      <Extensions>rc;ico;bmp;cur;jpg;gif</Extensions>
    </Filter>
    <Filter Include="Miscellaneous Files">
      <UniqueIdentifier>{858ca930-5847-48a1-8b25-fbd50ab237e5}</UniqueIdentifier>
      <Extensions>reg;rgs;mak;clw;vsdir;vsz;css;inf;vcproj;csproj</Extensions>
    </Filter>
  </ItemGroup>
  <ItemGroup>
    <ClCompile Include="acrxEntryPoint.cpp">
      <Filter>Source Files</Filter>
    </ClCompile>
    <ClCompile Include="CAcDocMgrReator.cpp">
      <Filter>Source Files</Filter>
    </ClCompile>
    <ClCompile Include="tab_src_files\CustomTabCtrl.cpp">
      <Filter>Source Files</Filter>
    </ClCompile>
    <ClCompile Include="DocData.cpp">
      <Filter>Source Files</Filter>
    </ClCompile>
    <ClCompile Include="MdiTabMain.cpp">
      <Filter>Source Files</Filter>
    </ClCompile>
    <ClCompile Include="MultiTab.cpp">
      <Filter>Source Files</Filter>
    </ClCompile>
    <ClCompile Include="RTabCtrl.cpp">
      <Filter>Source Files</Filter>
    </ClCompile>
    <ClCompile Include="StdAfx.cpp">
      <Filter>Source Files</Filter>
    </ClCompile>
    <ClCompile Include="tab_src_files\ThemeUtil.cpp">
      <Filter>Source Files</Filter>
    </ClCompile>
  </ItemGroup>
  <ItemGroup>
    <ClInclude Include="CAcDocMgrReator.h">
      <Filter>Include Files</Filter>
    </ClInclude>
    <ClInclude Include="tab_src_files\CustomTabCtrl.h">
      <Filter>Include Files</Filter>
    </ClInclude>
    <ClInclude Include="DocData.h">
      <Filter>Include Files</Filter>
    </ClInclude>
    <ClInclude Include="MdiTabMain.h">
      <Filter>Include Files</Filter>
    </ClInclude>
    <ClInclude Include="resource.h">
      <Filter>Include Files</Filter>
    </ClInclude>
    <ClInclude Include="RTabCtrl.h">
      <Filter>Include Files</Filter>
    </ClInclude>
    <ClInclude Include="StdAfx.h">
      <Filter>Include Files</Filter>
    </ClInclude>
    <ClInclude Include="tab_src_files\ThemeUtil.h">
      <Filter>Include Files</Filter>
    </ClInclude>
    <ClInclude Include="tab_src_files\Tmschema.h">
      <Filter>Include Files</Filter>
    </ClInclude>
  </ItemGroup>
  <ItemGroup>
    <ResourceCompile Include="MultiTab.rc">
      <Filter>Resource Files</Filter>
    </ResourceCompile>
  </ItemGroup>
  <ItemGroup>
    <None Include="tabview.bmp">
      <Filter>Resource Files</Filter>
    </None>
  </ItemGroup>
</Project>